<?xml version="1.0" encoding="UTF-8"?>
<CONFIG>
  <ProjectOptions>
    <Version Value="10"/>
    <PathDelim Value="\"/>
    <General>
      <MainUnit Value="0"/>
      <Title Value="kbf"/>
      <ResourceType Value="res"/>
      <UseXPManifest Value="True"/>
      <Icon Value="0"/>
    </General>
    <i18n>
      <EnableI18N LFM="False"/>
    </i18n>
    <VersionInfo>
      <UseVersionInfo Value="True"/>
      <BuildNr Value="8"/>
      <Language Value="0809"/>
      <StringTable Comments="made with Lazarus." CompanyName="keleven" FileDescription="Kill those Bothersome Files." InternalName="kbf" LegalCopyright="Kevin Scott (c) - 2012" OriginalFilename="kbf" ProductName="KBF" ProductVersion="8"/>
    </VersionInfo>
    <BuildModes Count="3" Active="Release">
      <Item1 Name="Default" Default="True"/>
      <Item2 Name="Debug">
        <CompilerOptions>
          <Version Value="11"/>
          <PathDelim Value="\"/>
          <Target>
            <Filename Value="kbf"/>
          </Target>
          <SearchPaths>
            <IncludeFiles Value="$(ProjOutDir)"/>
            <UnitOutputDirectory Value="lib\$(TargetCPU)-$(TargetOS)"/>
          </SearchPaths>
          <Parsing>
            <SyntaxOptions>
              <IncludeAssertionCode Value="True"/>
              <AllowLabel Value="False"/>
            </SyntaxOptions>
          </Parsing>
          <CodeGeneration>
            <Checks>
              <IOChecks Value="True"/>
              <RangeChecks Value="True"/>
              <OverflowChecks Value="True"/>
              <StackChecks Value="True"/>
            </Checks>
            <VerifyObjMethodCallValidity Value="True"/>
          </CodeGeneration>
          <Linking>
            <Debugging>
              <DebugInfoType Value="dsDwarf2Set"/>
              <UseHeaptrc Value="True"/>
              <TrashVariables Value="True"/>
              <UseExternalDbgSyms Value="True"/>
            </Debugging>
            <Options>
              <Win32>
                <GraphicApplication Value="True"/>
              </Win32>
            </Options>
          </Linking>
        </CompilerOptions>
      </Item2>
      <Item3 Name="Release">
        <CompilerOptions>
          <Version Value="11"/>
          <PathDelim Value="\"/>
          <Target>
            <Filename Value="kbf"/>
          </Target>
          <SearchPaths>
            <IncludeFiles Value="$(ProjOutDir)"/>
            <UnitOutputDirectory Value="lib\$(TargetCPU)-$(TargetOS)"/>
          </SearchPaths>
          <Parsing>
            <SyntaxOptions>
              <AllowLabel Value="False"/>
            </SyntaxOptions>
          </Parsing>
          <CodeGeneration>
            <SmartLinkUnit Value="True"/>
            <Optimizations>
              <OptimizationLevel Value="3"/>
            </Optimizations>
          </CodeGeneration>
          <Linking>
            <Debugging>
              <GenerateDebugInfo Value="False"/>
            </Debugging>
            <LinkSmart Value="True"/>
            <Options>
              <Win32>
                <GraphicApplication Value="True"/>
              </Win32>
            </Options>
          </Linking>
        </CompilerOptions>
      </Item3>
    </BuildModes>
    <PublishOptions>
      <Version Value="2"/>
      <IncludeFileFilter Value="*.(pas|pp|inc|lfm|lpr|lrs|lpi|lpk|sh|xml)"/>
      <ExcludeFileFilter Value="*.(bak|ppu|o|so);*~;backup"/>
    </PublishOptions>
    <RunParams>
      <local>
        <FormatVersion Value="1"/>
      </local>
    </RunParams>
    <RequiredPackages Count="3">
      <Item1>
        <PackageName Value="industrial"/>
      </Item1>
      <Item2>
        <PackageName Value="bgracontrols"/>
      </Item2>
      <Item3>
        <PackageName Value="LCL"/>
      </Item3>
    </RequiredPackages>
    <Units Count="10">
      <Unit0>
        <Filename Value="kbf.lpr"/>
        <IsPartOfProject Value="True"/>
        <CursorPos Y="23"/>
        <UsageCount Value="82"/>
      </Unit0>
      <Unit1>
        <Filename Value="umain.pas"/>
        <IsPartOfProject Value="True"/>
        <ComponentName Value="frmMain"/>
        <HasResources Value="True"/>
        <ResourceBaseClass Value="Form"/>
        <UnitName Value="Umain"/>
        <IsVisibleTab Value="True"/>
        <TopLine Value="37"/>
        <CursorPos X="38" Y="65"/>
        <UsageCount Value="82"/>
        <Loaded Value="True"/>
        <LoadedDesigner Value="True"/>
      </Unit1>
      <Unit2>
        <Filename Value="info.txt"/>
        <IsPartOfProject Value="True"/>
        <EditorIndex Value="-1"/>
        <CursorPos X="15" Y="2"/>
        <UsageCount Value="80"/>
        <DefaultSyntaxHighlighter Value="None"/>
      </Unit2>
      <Unit3>
        <Filename Value="uabout.pas"/>
        <IsPartOfProject Value="True"/>
        <ComponentName Value="frmAbout"/>
        <HasResources Value="True"/>
        <ResourceBaseClass Value="Form"/>
        <UnitName Value="UAbout"/>
        <EditorIndex Value="-1"/>
        <TopLine Value="29"/>
        <CursorPos X="54" Y="57"/>
        <UsageCount Value="80"/>
      </Unit3>
      <Unit4>
        <Filename Value="uhelp.pas"/>
        <IsPartOfProject Value="True"/>
        <ComponentName Value="frmHelp"/>
        <HasResources Value="True"/>
        <ResourceBaseClass Value="Form"/>
        <UnitName Value="Uhelp"/>
        <EditorIndex Value="-1"/>
        <TopLine Value="21"/>
        <CursorPos X="41" Y="57"/>
        <ExtraEditorCount Value="1"/>
        <ExtraEditor1>
          <EditorIndex Value="-1"/>
          <TopLine Value="33"/>
        </ExtraEditor1>
        <UsageCount Value="76"/>
      </Unit4>
      <Unit5>
        <Filename Value="uoptions.pas"/>
        <ComponentName Value="frmOptions"/>
        <HasResources Value="True"/>
        <ResourceBaseClass Value="Form"/>
        <UnitName Value="UOptions"/>
        <EditorIndex Value="-1"/>
        <TopLine Value="7"/>
        <CursorPos X="77" Y="22"/>
        <UsageCount Value="65"/>
      </Unit5>
      <Unit6>
        <Filename Value="ulicence.pas"/>
        <IsPartOfProject Value="True"/>
        <ComponentName Value="frmLicence"/>
        <HasResources Value="True"/>
        <ResourceBaseClass Value="Form"/>
        <UnitName Value="uLicence"/>
        <EditorIndex Value="-1"/>
        <UsageCount Value="66"/>
      </Unit6>
      <Unit7>
        <Filename Value="C:\lazarus\lcl\include\customform.inc"/>
        <TopLine Value="2091"/>
        <CursorPos Y="2110"/>
        <UsageCount Value="9"/>
      </Unit7>
      <Unit8>
        <Filename Value="C:\lazarus\lcl\include\control.inc"/>
        <TopLine Value="2769"/>
        <CursorPos Y="2788"/>
        <UsageCount Value="9"/>
      </Unit8>
      <Unit9>
        <Filename Value="C:\lazarus\lcl\interfaces\win32\win32listsl.inc"/>
        <TopLine Value="153"/>
        <CursorPos Y="172"/>
        <UsageCount Value="9"/>
      </Unit9>
    </Units>
    <JumpHistory Count="22" HistoryIndex="21">
      <Position1>
        <Filename Value="umain.pas"/>
        <Caret Line="237" Column="41" TopLine="215"/>
      </Position1>
      <Position2>
        <Filename Value="umain.pas"/>
        <Caret Line="236" Column="41" TopLine="214"/>
      </Position2>
      <Position3>
        <Filename Value="umain.pas"/>
        <Caret Line="170" TopLine="151"/>
      </Position3>
      <Position4>
        <Filename Value="umain.pas"/>
        <Caret Line="198" TopLine="179"/>
      </Position4>
      <Position5>
        <Filename Value="umain.pas"/>
        <Caret Line="170" TopLine="151"/>
      </Position5>
      <Position6>
        <Filename Value="umain.pas"/>
        <Caret Line="63" TopLine="30"/>
      </Position6>
      <Position7>
        <Filename Value="umain.pas"/>
        <Caret Line="340" TopLine="321"/>
      </Position7>
      <Position8>
        <Filename Value="umain.pas"/>
        <Caret Line="365" TopLine="346"/>
      </Position8>
      <Position9>
        <Filename Value="umain.pas"/>
        <Caret Line="172" Column="34" TopLine="155"/>
      </Position9>
      <Position10>
        <Filename Value="umain.pas"/>
        <Caret Line="91" Column="33" TopLine="72"/>
      </Position10>
      <Position11>
        <Filename Value="umain.pas"/>
        <Caret Line="171" Column="39" TopLine="152"/>
      </Position11>
      <Position12>
        <Filename Value="umain.pas"/>
        <Caret Line="208" Column="27" TopLine="231"/>
      </Position12>
      <Position13>
        <Filename Value="umain.pas"/>
        <Caret Line="95" Column="28" TopLine="83"/>
      </Position13>
      <Position14>
        <Filename Value="umain.pas"/>
        <Caret Line="209" Column="30" TopLine="186"/>
      </Position14>
      <Position15>
        <Filename Value="umain.pas"/>
        <Caret Line="202" Column="22" TopLine="183"/>
      </Position15>
      <Position16>
        <Filename Value="umain.pas"/>
        <Caret Line="218" Column="65" TopLine="198"/>
      </Position16>
      <Position17>
        <Filename Value="umain.pas"/>
        <Caret Line="17" Column="47"/>
      </Position17>
      <Position18>
        <Filename Value="umain.pas"/>
        <Caret Line="209" Column="70" TopLine="192"/>
      </Position18>
      <Position19>
        <Filename Value="umain.pas"/>
        <Caret Line="226" Column="68" TopLine="193"/>
      </Position19>
      <Position20>
        <Filename Value="umain.pas"/>
        <Caret Line="225" Column="68" TopLine="192"/>
      </Position20>
      <Position21>
        <Filename Value="umain.pas"/>
        <Caret Line="205" Column="57" TopLine="346"/>
      </Position21>
      <Position22>
        <Filename Value="umain.pas"/>
        <Caret Line="95" Column="70" TopLine="91"/>
      </Position22>
    </JumpHistory>
  </ProjectOptions>
  <CompilerOptions>
    <Version Value="11"/>
    <PathDelim Value="\"/>
    <Target>
      <Filename Value="kbf"/>
    </Target>
    <SearchPaths>
      <IncludeFiles Value="$(ProjOutDir)"/>
      <UnitOutputDirectory Value="lib\$(TargetCPU)-$(TargetOS)"/>
    </SearchPaths>
    <Parsing>
      <SyntaxOptions>
        <AllowLabel Value="False"/>
      </SyntaxOptions>
    </Parsing>
    <CodeGeneration>
      <Optimizations>
        <OptimizationLevel Value="3"/>
      </Optimizations>
    </CodeGeneration>
    <Linking>
      <Debugging>
        <GenerateDebugInfo Value="False"/>
      </Debugging>
      <Options>
        <Win32>
          <GraphicApplication Value="True"/>
        </Win32>
      </Options>
    </Linking>
  </CompilerOptions>
  <Debugging>
    <Exceptions Count="3">
      <Item1>
        <Name Value="EAbort"/>
      </Item1>
      <Item2>
        <Name Value="ECodetoolError"/>
      </Item2>
      <Item3>
        <Name Value="EFOpenError"/>
      </Item3>
    </Exceptions>
  </Debugging>
</CONFIG>
